{
  "name": "sentryfy",
  "version": "1.0.0",
  "lockfileVersion": 2,
  "requires": true,
  "packages": {
    "": {
      "name": "sentryfy",
      "version": "1.0.0",
      "license": "ISC",
      "dependencies": {
        "@sentry/browser": "^6.19.4",
        "@sentry/tracing": "^6.19.4"
      },
      "devDependencies": {
        "rollup": "^2.70.1"
      }
    },
    "node_modules/@sentry/browser": {
      "version": "6.19.4",
      "resolved": "https://registry.npmjs.org/@sentry/browser/-/browser-6.19.4.tgz",
      "integrity": "sha512-gyOotZMyTwJsR6m/XnNafgSDBK2aRgGwi/kUWW3/eqp2s6D51H5UZBZGK7+Z6bYi9ozIO3b+8/Bq+KqXwfvbdw==",
      "dependencies": {
        "@sentry/core": "6.19.4",
        "@sentry/types": "6.19.4",
        "@sentry/utils": "6.19.4",
        "tslib": "^1.9.3"
      },
      "engines": {
        "node": ">=6"
      }
    },
    "node_modules/@sentry/core": {
      "version": "6.19.4",
      "resolved": "https://registry.npmjs.org/@sentry/core/-/core-6.19.4.tgz",
      "integrity": "sha512-LIUVqLyt9Ugj6xyQE9itrCmhFs1iQ2FOgVkmpsXu+UVwFY4xccT5k/0PAHa7sik5CeH6x7p8oRCrYgrwbktraQ==",
      "dependencies": {
        "@sentry/hub": "6.19.4",
        "@sentry/minimal": "6.19.4",
        "@sentry/types": "6.19.4",
        "@sentry/utils": "6.19.4",
        "tslib": "^1.9.3"
      },
      "engines": {
        "node": ">=6"
      }
    },
    "node_modules/@sentry/hub": {
      "version": "6.19.4",
      "resolved": "https://registry.npmjs.org/@sentry/hub/-/hub-6.19.4.tgz",
      "integrity": "sha512-Lc9ZpKk9f8DBFvl7hm4wYvcuuobAee3X+M1eCMQPzYuk4k0mHThPv/d3GJW6Jo1IBxMbM+x3ONuf9myeJ/4H6g==",
      "dependencies": {
        "@sentry/types": "6.19.4",
        "@sentry/utils": "6.19.4",
        "tslib": "^1.9.3"
      },
      "engines": {
        "node": ">=6"
      }
    },
    "node_modules/@sentry/minimal": {
      "version": "6.19.4",
      "resolved": "https://registry.npmjs.org/@sentry/minimal/-/minimal-6.19.4.tgz",
      "integrity": "sha512-23Xwt5XoSEfswTWUJRofqtDU30bz+wzv5VLQlUsA65CD8kEDoajVFco9wnIxbauhb3xaU7+jhbyNHWO75mHnTQ==",
      "dependencies": {
        "@sentry/hub": "6.19.4",
        "@sentry/types": "6.19.4",
        "tslib": "^1.9.3"
      },
      "engines": {
        "node": ">=6"
      }
    },
    "node_modules/@sentry/tracing": {
      "version": "6.19.4",
      "resolved": "https://registry.npmjs.org/@sentry/tracing/-/tracing-6.19.4.tgz",
      "integrity": "sha512-ngkjX+BgoIPQaydLW+SWh2hAQgCGQZuimd5Hkwkt8GFfckZSTZtYw5X5nFk4U2L06FU8F4BmgnbyxXt5k7IziA==",
      "dependencies": {
        "@sentry/hub": "6.19.4",
        "@sentry/minimal": "6.19.4",
        "@sentry/types": "6.19.4",
        "@sentry/utils": "6.19.4",
        "tslib": "^1.9.3"
      },
      "engines": {
        "node": ">=6"
      }
    },
    "node_modules/@sentry/types": {
      "version": "6.19.4",
      "resolved": "https://registry.npmjs.org/@sentry/types/-/types-6.19.4.tgz",
      "integrity": "sha512-fzLiQPrjJQ8HgFgA2VqnpLiEOrTJ2ItRY8RY7Cn4038HACoYWYDjrkdVJQBq6IyrxxkgWOSLZXnv85uozBQC+g==",
      "engines": {
        "node": ">=6"
      }
    },
    "node_modules/@sentry/utils": {
      "version": "6.19.4",
      "resolved": "https://registry.npmjs.org/@sentry/utils/-/utils-6.19.4.tgz",
      "integrity": "sha512-f73K3NCX22KT8CVgIiRaaozIReSX5+LhY7Q4C429DZlfVAgOYw0a+kTFrHTNKGLR4II8M8ECjUsL/6O/BdPSFg==",
      "dependencies": {
        "@sentry/types": "6.19.4",
        "tslib": "^1.9.3"
      },
      "engines": {
        "node": ">=6"
      }
    },
    "node_modules/fsevents": {
      "version": "2.3.2",
      "resolved": "https://registry.npmjs.org/fsevents/-/fsevents-2.3.2.tgz",
      "integrity": "sha512-xiqMQR4xAeHTuB9uWm+fFRcIOgKBMiOBP+eXiyT7jsgVCq1bkVygt00oASowB7EdtpOHaaPgKt812P9ab+DDKA==",
      "dev": true,
      "hasInstallScript": true,
      "optional": true,
      "os": [
        "darwin"
      ],
      "engines": {
        "node": "^8.16.0 || ^10.6.0 || >=11.0.0"
      }
    },
    "node_modules/rollup": {
      "version": "2.70.1",
      "resolved": "https://registry.npmjs.org/rollup/-/rollup-2.70.1.tgz",
      "integrity": "sha512-CRYsI5EuzLbXdxC6RnYhOuRdtz4bhejPMSWjsFLfVM/7w/85n2szZv6yExqUXsBdz5KT8eoubeyDUDjhLHEslA==",
      "dev": true,
      "bin": {
        "rollup": "dist/bin/rollup"
      },
      "engines": {
        "node": ">=10.0.0"
      },
      "optionalDependencies": {
        "fsevents": "~2.3.2"
      }
    },
    "node_modules/tslib": {
      "version": "1.14.1",
      "resolved": "https://registry.npmjs.org/tslib/-/tslib-1.14.1.tgz",
      "integrity": "sha512-Xni35NKzjgMrwevysHTCArtLDpPvye8zV/0E4EyYn43P7/7qvQwPh9BGkHewbMulVntbigmcT7rdX3BNo9wRJg=="
    }
  },
  "dependencies": {
    "@sentry/browser": {
      "version": "6.19.4",
      "resolved": "https://registry.npmjs.org/@sentry/browser/-/browser-6.19.4.tgz",
      "integrity": "sha512-gyOotZMyTwJsR6m/XnNafgSDBK2aRgGwi/kUWW3/eqp2s6D51H5UZBZGK7+Z6bYi9ozIO3b+8/Bq+KqXwfvbdw==",
      "requires": {
        "@sentry/core": "6.19.4",
        "@sentry/types": "6.19.4",
        "@sentry/utils": "6.19.4",
        "tslib": "^1.9.3"
      }
    },
    "@sentry/core": {
      "version": "6.19.4",
      "resolved": "https://registry.npmjs.org/@sentry/core/-/core-6.19.4.tgz",
      "integrity": "sha512-LIUVqLyt9Ugj6xyQE9itrCmhFs1iQ2FOgVkmpsXu+UVwFY4xccT5k/0PAHa7sik5CeH6x7p8oRCrYgrwbktraQ==",
      "requires": {
        "@sentry/hub": "6.19.4",
        "@sentry/minimal": "6.19.4",
        "@sentry/types": "6.19.4",
        "@sentry/utils": "6.19.4",
        "tslib": "^1.9.3"
      }
    },
    "@sentry/hub": {
      "version": "6.19.4",
      "resolved": "https://registry.npmjs.org/@sentry/hub/-/hub-6.19.4.tgz",
      "integrity": "sha512-Lc9ZpKk9f8DBFvl7hm4wYvcuuobAee3X+M1eCMQPzYuk4k0mHThPv/d3GJW6Jo1IBxMbM+x3ONuf9myeJ/4H6g==",
      "requires": {
        "@sentry/types": "6.19.4",
        "@sentry/utils": "6.19.4",
        "tslib": "^1.9.3"
      }
    },
    "@sentry/minimal": {
      "version": "6.19.4",
      "resolved": "https://registry.npmjs.org/@sentry/minimal/-/minimal-6.19.4.tgz",
      "integrity": "sha512-23Xwt5XoSEfswTWUJRofqtDU30bz+wzv5VLQlUsA65CD8kEDoajVFco9wnIxbauhb3xaU7+jhbyNHWO75mHnTQ==",
      "requires": {
        "@sentry/hub": "6.19.4",
        "@sentry/types": "6.19.4",
        "tslib": "^1.9.3"
      }
    },
    "@sentry/tracing": {
      "version": "6.19.4",
      "resolved": "https://registry.npmjs.org/@sentry/tracing/-/tracing-6.19.4.tgz",
      "integrity": "sha512-ngkjX+BgoIPQaydLW+SWh2hAQgCGQZuimd5Hkwkt8GFfckZSTZtYw5X5nFk4U2L06FU8F4BmgnbyxXt5k7IziA==",
      "requires": {
        "@sentry/hub": "6.19.4",
        "@sentry/minimal": "6.19.4",
        "@sentry/types": "6.19.4",
        "@sentry/utils": "6.19.4",
        "tslib": "^1.9.3"
      }
    },
    "@sentry/types": {
      "version": "6.19.4",
      "resolved": "https://registry.npmjs.org/@sentry/types/-/types-6.19.4.tgz",
      "integrity": "sha512-fzLiQPrjJQ8HgFgA2VqnpLiEOrTJ2ItRY8RY7Cn4038HACoYWYDjrkdVJQBq6IyrxxkgWOSLZXnv85uozBQC+g=="
    },
    "@sentry/utils": {
      "version": "6.19.4",
      "resolved": "https://registry.npmjs.org/@sentry/utils/-/utils-6.19.4.tgz",
      "integrity": "sha512-f73K3NCX22KT8CVgIiRaaozIReSX5+LhY7Q4C429DZlfVAgOYw0a+kTFrHTNKGLR4II8M8ECjUsL/6O/BdPSFg==",
      "requires": {
        "@sentry/types": "6.19.4",
        "tslib": "^1.9.3"
      }
    },
    "fsevents": {
      "version": "2.3.2",
      "resolved": "https://registry.npmjs.org/fsevents/-/fsevents-2.3.2.tgz",
      "integrity": "sha512-xiqMQR4xAeHTuB9uWm+fFRcIOgKBMiOBP+eXiyT7jsgVCq1bkVygt00oASowB7EdtpOHaaPgKt812P9ab+DDKA==",
      "dev": true,
      "optional": true
    },
    "rollup": {
      "version": "2.70.1",
      "resolved": "https://registry.npmjs.org/rollup/-/rollup-2.70.1.tgz",
      "integrity": "sha512-CRYsI5EuzLbXdxC6RnYhOuRdtz4bhejPMSWjsFLfVM/7w/85n2szZv6yExqUXsBdz5KT8eoubeyDUDjhLHEslA==",
      "dev": true,
      "requires": {
        "fsevents": "~2.3.2"
      }
    },
    "tslib": {
      "version": "1.14.1",
      "resolved": "https://registry.npmjs.org/tslib/-/tslib-1.14.1.tgz",
      "integrity": "sha512-Xni35NKzjgMrwevysHTCArtLDpPvye8zV/0E4EyYn43P7/7qvQwPh9BGkHewbMulVntbigmcT7rdX3BNo9wRJg=="
    }
  }
}
